version = 1
revision = 3
requires-python = ">=3.11"

[[package]]
name = "aiofiles"
version = "25.1.0"
source = { registry = "https://pypi.org/simple" }
sdist = { url = "https://files.pythonhosted.org/packages/41/c3/534eac40372d8ee36ef40df62ec129bee4fdb5ad9706e58a29be53b2c970/aiofiles-25.1.0.tar.gz", hash = "sha256:a8d728f0a29de45dc521f18f07297428d56992a742f0cd2701ba86e44d23d5b2", size = 46354, upload-time = "2025-10-09T20:51:04.358Z" }
wheels = [
    { url = "https://files.pythonhosted.org/packages/bc/8a/340a1555ae33d7354dbca4faa54948d76d89a27ceef032c8c3bc661d003e/aiofiles-25.1.0-py3-none-any.whl", hash = "sha256:abe311e527c862958650f9438e859c1fa7568a141b22abcd015e120e86a85695", size = 14668, upload-time = "2025-10-09T20:51:03.174Z" },
]

[[package]]
name = "anyio"
version = "4.13.0"
source = { registry = "https://pypi.org/simple" }
dependencies = [
    { name = "idna" },
    { name = "typing-extensions", marker = "python_full_version < '3.13'" },
]
sdist = { url = "https://files.pythonhosted.org/packages/19/14/2c5dd9f512b66549ae92767a9c7b330ae88e1932ca57876909410251fe13/anyio-4.13.0.tar.gz", hash = "sha256:334b70e641fd2221c1505b3890c69882fe4a2df910cba14d97019b90b24439dc", size = 231622, upload-time = "2026-03-24T12:59:09.671Z" }
wheels = [
    { url = "https://files.pythonhosted.org/packages/da/42/e921fccf5015463e32a3cf6ee7f980a6ed0f395ceeaa45060b61d86486c2/anyio-4.13.0-py3-none-any.whl", hash = "sha256:08b310f9e24a9594186fd75b4f73f4a4152069e3853f1ed8bfbf58369f4ad708", size = 114353, upload-time = "2026-03-24T12:59:08.246Z" },
]

[[package]]
name = "certifi"
version = "2026.4.22"
source = { registry = "https://pypi.org/simple" }
sdist = { url = "https://files.pythonhosted.org/packages/25/ee/6caf7a40c36a1220410afe15a1cc64993a1f864871f698c0f93acb72842a/certifi-2026.4.22.tar.gz", hash = "sha256:8d455352a37b71bf76a79caa83a3d6c25afee4a385d632127b6afb3963f1c580", size = 137077, upload-time = "2026-04-22T11:26:11.191Z" }
wheels = [
    { url = "https://files.pythonhosted.org/packages/22/30/7cd8fdcdfbc5b869528b079bfb76dcdf6056b1a2097a662e5e8c04f42965/certifi-2026.4.22-py3-none-any.whl", hash = "sha256:3cb2210c8f88ba2318d29b0388d1023c8492ff72ecdde4ebdaddbb13a31b1c4a", size = 135707, upload-time = "2026-04-22T11:26:09.372Z" },
]

[[package]]
name = "click"
version = "8.3.3"
source = { registry = "https://pypi.org/simple" }
dependencies = [
    { name = "colorama", marker = "sys_platform == 'win32'" },
]
sdist = { url = "https://files.pythonhosted.org/packages/bb/63/f9e1ea081ce35720d8b92acde70daaedace594dc93b693c869e0d5910718/click-8.3.3.tar.gz", hash = "sha256:398329ad4837b2ff7cbe1dd166a4c0f8900c3ca3a218de04466f38f6497f18a2", size = 328061, upload-time = "2026-04-22T15:11:27.506Z" }
wheels = [
    { url = "https://files.pythonhosted.org/packages/ae/44/c1221527f6a71a01ec6fbad7fa78f1d50dfa02217385cf0fa3eec7087d59/click-8.3.3-py3-none-any.whl", hash = "sha256:a2bf429bb3033c89fa4936ffb35d5cb471e3719e1f3c8a7c3fff0b8314305613", size = 110502, upload-time = "2026-04-22T15:11:25.044Z" },
]

[[package]]
name = "colorama"
version = "0.4.6"
source = { registry = "https://pypi.org/simple" }
sdist = { url = "https://files.pythonhosted.org/packages/d8/53/6f443c9a4a8358a93a6792e2acffb9d9d5cb0a5cfd8802644b7b1c9a02e4/colorama-0.4.6.tar.gz", hash = "sha256:08695f5cb7ed6e0531a20572697297273c47b8cae5a63ffc6d6ed5c201be6e44", size = 27697, upload-time = "2022-10-25T02:36:22.414Z" }
wheels = [
    { url = "https://files.pythonhosted.org/packages/d1/d6/3965ed04c63042e047cb6a3e6ed1a63a35087b6a609aa3a15ed8ac56c221/colorama-0.4.6-py2.py3-none-any.whl", hash = "sha256:4f1d9991f5acc0ca119f9d443620b77f9d6b33703e51011c16baf57afb285fc6", size = 25335, upload-time = "2022-10-25T02:36:20.889Z" },
]

[[package]]
name = "h11"
version = "0.16.0"
source = { registry = "https://pypi.org/simple" }
sdist = { url = "https://files.pythonhosted.org/packages/01/ee/02a2c011bdab74c6fb3c75474d40b3052059d95df7e73351460c8588d963/h11-0.16.0.tar.gz", hash = "sha256:4e35b956cf45792e4caa5885e69fba00bdbc6ffafbfa020300e549b208ee5ff1", size = 101250, upload-time = "2025-04-24T03:35:25.427Z" }
wheels = [
    { url = "https://files.pythonhosted.org/packages/04/4b/29cac41a4d98d144bf5f6d33995617b185d14b22401f75ca86f384e87ff1/h11-0.16.0-py3-none-any.whl", hash = "sha256:63cf8bbe7522de3bf65932fda1d9c2772064ffb3dae62d55932da54b31cb6c86", size = 37515, upload-time = "2025-04-24T03:35:24.344Z" },
]

[[package]]
name = "httpcore"
version = "1.0.9"
source = { registry = "https://pypi.org/simple" }
dependencies = [
    { name = "certifi" },
    { name = "h11" },
]
sdist = { url = "https://files.pythonhosted.org/packages/06/94/82699a10bca87a5556c9c59b5963f2d039dbd239f25bc2a63907a05a14cb/httpcore-1.0.9.tar.gz", hash = "sha256:6e34463af53fd2ab5d807f399a9b45ea31c3dfa2276f15a2c3f00afff6e176e8", size = 85484, upload-time = "2025-04-24T22:06:22.219Z" }
wheels = [
    { url = "https://files.pythonhosted.org/packages/7e/f5/f66802a942d491edb555dd61e3a9961140fd64c90bce1eafd741609d334d/httpcore-1.0.9-py3-none-any.whl", hash = "sha256:2d400746a40668fc9dec9810239072b40b4484b640a8c38fd654a024c7a1bf55", size = 78784, upload-time = "2025-04-24T22:06:20.566Z" },
]

[[package]]
name = "httpx"
version = "0.28.1"
source = { registry = "https://pypi.org/simple" }
dependencies = [
    { name = "anyio" },
    { name = "certifi" },
    { name = "httpcore" },
    { name = "idna" },
]
sdist = { url = "https://files.pythonhosted.org/packages/b1/df/48c586a5fe32a0f01324ee087459e112ebb7224f646c0b5023f5e79e9956/httpx-0.28.1.tar.gz", hash = "sha256:75e98c5f16b0f35b567856f597f06ff2270a374470a5c2392242528e3e3e42fc", size = 141406, upload-time = "2024-12-06T15:37:23.222Z" }
wheels = [
    { url = "https://files.pythonhosted.org/packages/2a/39/e50c7c3a983047577ee07d2a9e53faf5a69493943ec3f6a384bdc792deb2/httpx-0.28.1-py3-none-any.whl", hash = "sha256:d909fcccc110f8c7faf814ca82a9a4d816bc5a6dbfea25d6591d6985b8ba59ad", size = 73517, upload-time = "2024-12-06T15:37:21.509Z" },
]

[[package]]
name = "idna"
version = "3.15"
source = { registry = "https://pypi.org/simple" }
sdist = { url = "https://files.pythonhosted.org/packages/82/77/7b3966d0b9d1d31a36ddf1746926a11dface89a83409bf1483f0237aa758/idna-3.15.tar.gz", hash = "sha256:ca962446ea538f7092a95e057da437618e886f4d349216d2b1e294abfdb65fdc", size = 199245, upload-time = "2026-05-12T22:45:57.011Z" }
wheels = [
    { url = "https://files.pythonhosted.org/packages/d2/23/408243171aa9aaba178d3e2559159c24c1171a641aa83b67bdd3394ead8e/idna-3.15-py3-none-any.whl", hash = "sha256:048adeaf8c2d788c40fee287673ccaa74c24ffd8dcf09ffa555a2fbb59f10ac8", size = 72340, upload-time = "2026-05-12T22:45:55.733Z" },
]

[[package]]
name = "ruff"
version = "0.15.12"
source = { registry = "https://pypi.org/simple" }
sdist = { url = "https://files.pythonhosted.org/packages/99/43/3291f1cc9106f4c63bdce7a8d0df5047fe8422a75b091c16b5e9355e0b11/ruff-0.15.12.tar.gz", hash = "sha256:ecea26adb26b4232c0c2ca19ccbc0083a68344180bba2a600605538ce51a40a6", size = 4643852, upload-time = "2026-04-24T18:17:14.305Z" }
wheels = [
    { url = "https://files.pythonhosted.org/packages/c3/6e/e78ffb61d4686f3d96ba3df2c801161843746dcbcbb17a1e927d4829312b/ruff-0.15.12-py3-none-linux_armv6l.whl", hash = "sha256:f86f176e188e94d6bdbc09f09bfd9dc729059ad93d0e7390b5a73efe19f8861c", size = 10640713, upload-time = "2026-04-24T18:17:22.841Z" },
    { url = "https://files.pythonhosted.org/packages/ae/08/a317bc231fb9e7b93e4ef3089501e51922ff88d6936ce5cf870c4fe55419/ruff-0.15.12-py3-none-macosx_10_12_x86_64.whl", hash = "sha256:e3bcd123364c3770b8e1b7baaf343cc99a35f197c5c6e8af79015c666c423a6c", size = 11069267, upload-time = "2026-04-24T18:17:30.105Z" },
    { url = "https://files.pythonhosted.org/packages/aa/a4/f828e9718d3dce1f5f11c39c4f65afd32783c8b2aebb2e3d259e492c47bd/ruff-0.15.12-py3-none-macosx_11_0_arm64.whl", hash = "sha256:fe87510d000220aa1ed530d4448a7c696a0cae1213e5ec30e5874287b66557b5", size = 10397182, upload-time = "2026-04-24T18:17:07.177Z" },
    { url = "https://files.pythonhosted.org/packages/71/e0/3310fc6d1b5e1fdea22bf3b1b807c7e187b581021b0d7d4514cccdb5fb71/ruff-0.15.12-py3-none-manylinux_2_17_aarch64.manylinux2014_aarch64.whl", hash = "sha256:84a1630093121375a3e2a95b4a6dc7b59e2b4ee76216e32d81aae550a832d002", size = 10758012, upload-time = "2026-04-24T18:16:55.759Z" },
    { url = "https://files.pythonhosted.org/packages/11/c1/a606911aee04c324ddaa883ae418f3569792fd3c4a10c50e0dd0a2311e1e/ruff-0.15.12-py3-none-manylinux_2_17_armv7l.manylinux2014_armv7l.whl", hash = "sha256:fb129f40f114f089ebe0ca56c0d251cf2061b17651d464bb6478dc01e69f11f5", size = 10447479, upload-time = "2026-04-24T18:16:51.677Z" },
    { url = "https://files.pythonhosted.org/packages/9d/68/4201e8444f0894f21ab4aeeaee68aa4f10b51613514a20d80bd628d57e88/ruff-0.15.12-py3-none-manylinux_2_17_i686.manylinux2014_i686.whl", hash = "sha256:b0c862b172d695db7598426b8af465e7e9ac00a3ea2a3630ee67eb82e366aaa6", size = 11234040, upload-time = "2026-04-24T18:17:16.529Z" },
    { url = "https://files.pythonhosted.org/packages/34/ff/8a6d6cf4ccc23fd67060874e832c18919d1557a0611ebef03fdb01fff11e/ruff-0.15.12-py3-none-manylinux_2_17_ppc64le.manylinux2014_ppc64le.whl", hash = "sha256:2849ea9f3484c3aca43a82f484210370319e7170df4dfe4843395ddf6c57bc33", size = 12087377, upload-time = "2026-04-24T18:17:04.944Z" },
    { url = "https://files.pythonhosted.org/packages/85/f6/c669cf73f5152f623d34e69866a46d5e6185816b19fcd5b6dd8a2d299922/ruff-0.15.12-py3-none-manylinux_2_17_s390x.manylinux2014_s390x.whl", hash = "sha256:9e77c7e51c07fe396826d5969a5b846d9cd4c402535835fb6e21ce8b28fef847", size = 11367784, upload-time = "2026-04-24T18:17:25.409Z" },
    { url = "https://files.pythonhosted.org/packages/e8/39/c61d193b8a1daaa8977f7dea9e8d8ba866e02ea7b65d32f6861693aa4c12/ruff-0.15.12-py3-none-manylinux_2_17_x86_64.manylinux2014_x86_64.whl", hash = "sha256:83b2f4f2f3b1026b5fb449b467d9264bf22067b600f7b6f41fc5958909f449d0", size = 11344088, upload-time = "2026-04-24T18:17:12.258Z" },
    { url = "https://files.pythonhosted.org/packages/c2/8d/49afab3645e31e12c590acb6d3b5b69d7aab5b81926dbaf7461f9441f37a/ruff-0.15.12-py3-none-manylinux_2_31_riscv64.whl", hash = "sha256:9ba3b8f1afd7e2e43d8943e55f249e13f9682fde09711644a6e7290eb4f3e339", size = 11271770, upload-time = "2026-04-24T18:17:02.457Z" },
    { url = "https://files.pythonhosted.org/packages/46/06/33f41fe94403e2b755481cdfb9b7ef3e4e0ed031c4581124658d935d52b4/ruff-0.15.12-py3-none-musllinux_1_2_aarch64.whl", hash = "sha256:e852ba9fdc890655e1d78f2df1499efbe0e54126bd405362154a75e2bde159c5", size = 10719355, upload-time = "2026-04-24T18:17:27.648Z" },
    { url = "https://files.pythonhosted.org/packages/0d/59/18aa4e014debbf559670e4048e39260a85c7fcee84acfd761ac01e7b8d35/ruff-0.15.12-py3-none-musllinux_1_2_armv7l.whl", hash = "sha256:dd8aed930da53780d22fc70bdf84452c843cf64f8cb4eb38984319c24c5cd5fd", size = 10462758, upload-time = "2026-04-24T18:17:32.347Z" },
    { url = "https://files.pythonhosted.org/packages/25/e7/cc9f16fd0f3b5fddcbd7ec3d6ae30c8f3fde1047f32a4093a98d633c6570/ruff-0.15.12-py3-none-musllinux_1_2_i686.whl", hash = "sha256:01da3988d225628b709493d7dc67c3b9b12c0210016b08690ef9bd27970b262b", size = 10953498, upload-time = "2026-04-24T18:17:20.674Z" },
    { url = "https://files.pythonhosted.org/packages/72/7a/a9ba7f98c7a575978698f4230c5e8cc54bbc761af34f560818f933dafa0c/ruff-0.15.12-py3-none-musllinux_1_2_x86_64.whl", hash = "sha256:9cae0f92bd5700d1213188b31cd3bdd2b315361296d10b96b8e2337d3d11f53e", size = 11447765, upload-time = "2026-04-24T18:17:09.755Z" },
    { url = "https://files.pythonhosted.org/packages/ea/f9/0ae446942c846b8266059ad8a30702a35afae55f5cdc54c5adf8d7afdc27/ruff-0.15.12-py3-none-win32.whl", hash = "sha256:d0185894e038d7043ba8fd6aee7499ece6462dc0ea9f1e260c7451807c714c20", size = 10657277, upload-time = "2026-04-24T18:17:18.591Z" },
    { url = "https://files.pythonhosted.org/packages/33/f1/9614e03e1cdcbf9437570b5400ced8a720b5db22b28d8e0f1bda429f660d/ruff-0.15.12-py3-none-win_amd64.whl", hash = "sha256:c87a162d61ab3adca47c03f7f717c68672edec7d1b5499e652331780fe74950d", size = 11837758, upload-time = "2026-04-24T18:17:00.113Z" },
    { url = "https://files.pythonhosted.org/packages/c0/98/6beb4b351e472e5f4c4613f7c35a5290b8be2497e183825310c4c3a3984b/ruff-0.15.12-py3-none-win_arm64.whl", hash = "sha256:a538f7a82d061cee7be55542aca1d86d1393d55d81d4fcc314370f4340930d4f", size = 11120821, upload-time = "2026-04-24T18:16:57.979Z" },
]

[[package]]
name = "starlette"
version = "1.0.0"
source = { registry = "https://pypi.org/simple" }
dependencies = [
    { name = "anyio" },
    { name = "typing-extensions", marker = "python_full_version < '3.13'" },
]
sdist = { url = "https://files.pythonhosted.org/packages/81/69/17425771797c36cded50b7fe44e850315d039f28b15901ab44839e70b593/starlette-1.0.0.tar.gz", hash = "sha256:6a4beaf1f81bb472fd19ea9b918b50dc3a77a6f2e190a12954b25e6ed5eea149", size = 2655289, upload-time = "2026-03-22T18:29:46.779Z" }
wheels = [
    { url = "https://files.pythonhosted.org/packages/0b/c9/584bc9651441b4ba60cc4d557d8a547b5aff901af35bda3a4ee30c819b82/starlette-1.0.0-py3-none-any.whl", hash = "sha256:d3ec55e0bb321692d275455ddfd3df75fff145d009685eb40dc91fc66b03d38b", size = 72651, upload-time = "2026-03-22T18:29:45.111Z" },
]

[[package]]
name = "supervisor"
version = "4.3.0"
source = { registry = "https://pypi.org/simple" }
sdist = { url = "https://files.pythonhosted.org/packages/a9/b5/37e7a3706de436a8a2d75334711dad1afb4ddffab09f25e31d89e467542f/supervisor-4.3.0.tar.gz", hash = "sha256:4a2bf149adf42997e1bb44b70c43b613275ec9852c3edacca86a9166b27e945e", size = 468912, upload-time = "2025-08-23T18:25:02.418Z" }
wheels = [
    { url = "https://files.pythonhosted.org/packages/0e/65/5e726c372da8a5e35022a94388b12252710aad0c2351699c3d76ae8dba78/supervisor-4.3.0-py2.py3-none-any.whl", hash = "sha256:0bcb763fddafba410f35cbde226aa7f8514b9fb82eb05a0c85f6588d1c13f8db", size = 320736, upload-time = "2025-08-23T18:25:00.767Z" },
]

[[package]]
name = "supervisor-react"
version = "0.8.0"
source = { editable = "." }
dependencies = [
    { name = "aiofiles" },
    { name = "httpx" },
    { name = "starlette" },
    { name = "uvicorn" },
]

[package.dev-dependencies]
dev = [
    { name = "ruff" },
    { name = "supervisor" },
    { name = "ty" },
]

[package.metadata]
requires-dist = [
    { name = "aiofiles" },
    { name = "httpx" },
    { name = "starlette" },
    { name = "uvicorn" },
]

[package.metadata.requires-dev]
dev = [
    { name = "ruff" },
    { name = "supervisor" },
    { name = "ty" },
]

[[package]]
name = "ty"
version = "0.0.35"
source = { registry = "https://pypi.org/simple" }
sdist = { url = "https://files.pythonhosted.org/packages/4e/53/440e7b1212c4b0abbd4adb7aed93f4971aa1f8dca386ac5515930afa9172/ty-0.0.35.tar.gz", hash = "sha256:8375c240ab38138a19db07996c9808fb7a92047c1492e1ce587c2ef5112ad3a9", size = 5629237, upload-time = "2026-05-10T18:25:17.105Z" }
wheels = [
    { url = "https://files.pythonhosted.org/packages/d4/84/19662ee881675815b7fafff940a365be1985730465afd9b75cb2edd5f8b3/ty-0.0.35-py3-none-linux_armv6l.whl", hash = "sha256:85ae1e59b9fb0b40e9d84fe61b29653c5f2f5e78b487ece371a7a38c20c781cf", size = 11198741, upload-time = "2026-05-10T18:24:49.378Z" },
    { url = "https://files.pythonhosted.org/packages/62/df/7e5b6f83d85b4d2e5b72b5dceb388f440acc10679417bd46f829b9200fab/ty-0.0.35-py3-none-macosx_10_12_x86_64.whl", hash = "sha256:709dbb7af4fcadb1196863c00b8791bbbbcc9dacbe15a0ff17f0af82b35d415b", size = 10948304, upload-time = "2026-05-10T18:24:58.246Z" },
    { url = "https://files.pythonhosted.org/packages/59/94/72d7263aca055cde427f0ebcf08d6a74e5a5fee1d1e7fdd553696089cecb/ty-0.0.35-py3-none-macosx_11_0_arm64.whl", hash = "sha256:2cb0877419ab0c8708b6925cb0c2800b263842bd3c425113f200538772f3a0cc", size = 10407413, upload-time = "2026-05-10T18:24:37.422Z" },
    { url = "https://files.pythonhosted.org/packages/b6/23/fda6fae8a81ce0cb5f24cdfe63260e110c7af8844e31fa07d1e6e8ef0232/ty-0.0.35-py3-none-manylinux_2_17_aarch64.manylinux2014_aarch64.whl", hash = "sha256:e7afbcfc61904b7e82e7fe1a1db832a40d8f01e69dee1775f6594e552980536c", size = 10932614, upload-time = "2026-05-10T18:24:47.401Z" },
    { url = "https://files.pythonhosted.org/packages/72/3d/b98d8d4aa1a5ed6daaf15864e838f605ca7b1e8b93b7e17b96ed4bc4dfed/ty-0.0.35-py3-none-manylinux_2_17_armv7l.manylinux2014_armv7l.whl", hash = "sha256:b61498cc3e4178031c079951257fbdb209a891b4feb10ad6c40f615a51846f41", size = 10962982, upload-time = "2026-05-10T18:24:44.88Z" },
    { url = "https://files.pythonhosted.org/packages/18/c4/2881aad71bf6fb2f8df17fc8e4bc89e904e54490a3ee747b5ef73f98ac85/ty-0.0.35-py3-none-manylinux_2_17_i686.manylinux2014_i686.whl", hash = "sha256:573b1eacda349fc8dba0d767b41631c3a6f66412363127c5bf2b1b40a1d898d2", size = 11476274, upload-time = "2026-05-10T18:24:42.4Z" },
    { url = "https://files.pythonhosted.org/packages/34/0f/7717650adaeaddd23eea70470e2c26d3f0b9b18fdc7f26ec9552d6001f17/ty-0.0.35-py3-none-manylinux_2_17_ppc64le.manylinux2014_ppc64le.whl", hash = "sha256:a7209746158d6393c1040aa64b3ca29622e212ea7d8bae22ba50dbcbb4f96f0a", size = 12012027, upload-time = "2026-05-10T18:25:00.752Z" },
    { url = "https://files.pythonhosted.org/packages/22/c9/1a16cb4aab6f4707d8f550772e91abc26d1c8870f19b5e2453ad10bb8209/ty-0.0.35-py3-none-manylinux_2_17_s390x.manylinux2014_s390x.whl", hash = "sha256:4466a1470aa4418d49a9aa45d9da7de42033addd0a2837c5b2b0eb71d3c2bcd3", size = 11648894, upload-time = "2026-05-10T18:25:12.44Z" },
    { url = "https://files.pythonhosted.org/packages/18/a1/a977c0e07e9f88db9c67f90c6342a4dc4422c8091fa07bf26521870687c5/ty-0.0.35-py3-none-manylinux_2_17_x86_64.manylinux2014_x86_64.whl", hash = "sha256:eb44bb742d52c309dcaa6598bcf4d82eb4bf1241b9e4940461e522e30093fe8b", size = 11560482, upload-time = "2026-05-10T18:25:05.172Z" },
    { url = "https://files.pythonhosted.org/packages/d6/c1/a5fb11227d5cc4ac3f29a115d8c8bc817578e8ef6907d1e4c914ddbf45ee/ty-0.0.35-py3-none-manylinux_2_31_riscv64.whl", hash = "sha256:34b219250736c989b2670a03782c61315f523f3a2be37f1f90b1207e2212c188", size = 11718495, upload-time = "2026-05-10T18:24:54.12Z" },
    { url = "https://files.pythonhosted.org/packages/3c/cb/e92e4317388b6d1fd821a46941b448a8a1ff0bf13e22147c5167d8fa1b00/ty-0.0.35-py3-none-musllinux_1_2_aarch64.whl", hash = "sha256:88e2ac497decc0940ef1a07571dee8a746112a93a09cdc7f8bca0099752e2e05", size = 10900815, upload-time = "2026-05-10T18:25:02.941Z" },
    { url = "https://files.pythonhosted.org/packages/e9/4f/03bd87388a92567f262f35ac64e10d2be047d258f2dfcf1405f500fa2b90/ty-0.0.35-py3-none-musllinux_1_2_armv7l.whl", hash = "sha256:02cae51b53e6ec17d5d827ff1a3a76fd119705b56a92156e04399eda6e911596", size = 10998051, upload-time = "2026-05-10T18:25:14.68Z" },
    { url = "https://files.pythonhosted.org/packages/b4/60/6edbc375ee6073973200096168f644e1081e5e55a7d42596826465b275de/ty-0.0.35-py3-none-musllinux_1_2_i686.whl", hash = "sha256:11871d730c9400d899ac0b9f3d660ed2e7e433377c8725549f8250a36a7f2620", size = 11148910, upload-time = "2026-05-10T18:24:51.842Z" },
    { url = "https://files.pythonhosted.org/packages/4d/b1/a845d2066ed521c477450f436d4bd353d107e7c02dd6536a485944aaf892/ty-0.0.35-py3-none-musllinux_1_2_x86_64.whl", hash = "sha256:1ad0a2f0530d0933dcc99ad36ac556c63e384ea72ab9a18d23ad2e2c9fd61c73", size = 11671005, upload-time = "2026-05-10T18:24:56.223Z" },
    { url = "https://files.pythonhosted.org/packages/73/81/1d5912a54fb66b2f95ac828ae61d422ef5afeae1263e4d231e40796c229f/ty-0.0.35-py3-none-win32.whl", hash = "sha256:0e25d63ec4ab116e7f6757e44d16ca9216bca679d19ecc36d119cf80faada61a", size = 10481096, upload-time = "2026-05-10T18:24:39.976Z" },
    { url = "https://files.pythonhosted.org/packages/3b/36/1c7f8632bfec1c321f01581d4c940a3617b24bd3e8b37c8a7363d33fbfc4/ty-0.0.35-py3-none-win_amd64.whl", hash = "sha256:6a0a6d259f6f2f8f2f954c6f013d4e0b5eba68af6b353bf19a47d59ec254a3d5", size = 11555691, upload-time = "2026-05-10T18:25:07.792Z" },
    { url = "https://files.pythonhosted.org/packages/7a/fb/59325221bce52f6e833d6865ce8360ef7d5e1e21151b38df6dc77c4327a7/ty-0.0.35-py3-none-win_arm64.whl", hash = "sha256:619c52c0fb2aa21961a848a1995135ad3b6d0a9aa54da0194e60f679cc200e13", size = 10925457, upload-time = "2026-05-10T18:25:10.352Z" },
]

[[package]]
name = "typing-extensions"
version = "4.15.0"
source = { registry = "https://pypi.org/simple" }
sdist = { url = "https://files.pythonhosted.org/packages/72/94/1a15dd82efb362ac84269196e94cf00f187f7ed21c242792a923cdb1c61f/typing_extensions-4.15.0.tar.gz", hash = "sha256:0cea48d173cc12fa28ecabc3b837ea3cf6f38c6d1136f85cbaaf598984861466", size = 109391, upload-time = "2025-08-25T13:49:26.313Z" }
wheels = [
    { url = "https://files.pythonhosted.org/packages/18/67/36e9267722cc04a6b9f15c7f3441c2363321a3ea07da7ae0c0707beb2a9c/typing_extensions-4.15.0-py3-none-any.whl", hash = "sha256:f0fa19c6845758ab08074a0cfa8b7aecb71c999ca73d62883bc25cc018c4e548", size = 44614, upload-time = "2025-08-25T13:49:24.86Z" },
]

[[package]]
name = "uvicorn"
version = "0.46.0"
source = { registry = "https://pypi.org/simple" }
dependencies = [
    { name = "click" },
    { name = "h11" },
]
sdist = { url = "https://files.pythonhosted.org/packages/1f/93/041fca8274050e40e6791f267d82e0e2e27dd165627bd640d3e0e378d877/uvicorn-0.46.0.tar.gz", hash = "sha256:fb9da0926999cc6cb22dc7cd71a94a632f078e6ae47ff683c5c420750fb7413d", size = 88758, upload-time = "2026-04-23T07:16:00.151Z" }
wheels = [
    { url = "https://files.pythonhosted.org/packages/31/a3/5b1562db76a5a488274b2332a97199b32d0442aca0ed193697fd47786316/uvicorn-0.46.0-py3-none-any.whl", hash = "sha256:bbebbcbed972d162afca128605223022bedd345b7bc7855ce66deb31487a9048", size = 70926, upload-time = "2026-04-23T07:15:58.355Z" },
]
